
Microsoft Visual Studio Solution File, Format Version 12.00
# Visual Studio Version 16
VisualStudioVersion = 16.0.29509.3
MinimumVisualStudioVersion = 10.0.40219.1
Project("{9A19103F-16F7-4668-BE54-9A1E7A4F7556}") = "PCAxis.Serializers.JsonStat2", "PCAxis.Serializers.JsonStat2\PCAxis.Serializers.JsonStat2.csproj", "{A869DABD-D2DD-4AF6-9EDC-20DE2D6E361F}"
EndProject
Project("{FAE04EC0-301F-11D3-BF4B-00C04F79EFBC}") = "PCAxis.Serializers.JsonStat2.UnitTest", "PCAxis.Serializers.JsonStat2.UnitTest\PCAxis.Serializers.JsonStat2.UnitTest.csproj", "{284D31B9-4144-4794-8E76-245A64C7AA74}"
EndProject
Global
	GlobalSection(SolutionConfigurationPlatforms) = preSolution
		Debug|Any CPU = Debug|Any CPU
		Release|Any CPU = Release|Any CPU
	EndGlobalSection
	GlobalSection(ProjectConfigurationPlatforms) = postSolution
		{A869DABD-D2DD-4AF6-9EDC-20DE2D6E361F}.Debug|Any CPU.ActiveCfg = Debug|Any CPU
		{A869DABD-D2DD-4AF6-9EDC-20DE2D6E361F}.Debug|Any CPU.Build.0 = Debug|Any CPU
		{A869DABD-D2DD-4AF6-9EDC-20DE2D6E361F}.Release|Any CPU.ActiveCfg = Release|Any CPU
		{A869DABD-D2DD-4AF6-9EDC-20DE2D6E361F}.Release|Any CPU.Build.0 = Release|Any CPU
		{284D31B9-4144-4794-8E76-245A64C7AA74}.Debug|Any CPU.ActiveCfg = Debug|Any CPU
		{284D31B9-4144-4794-8E76-245A64C7AA74}.Debug|Any CPU.Build.0 = Debug|Any CPU
		{284D31B9-4144-4794-8E76-245A64C7AA74}.Release|Any CPU.ActiveCfg = Release|Any CPU
		{284D31B9-4144-4794-8E76-245A64C7AA74}.Release|Any CPU.Build.0 = Release|Any CPU
	EndGlobalSection
	GlobalSection(SolutionProperties) = preSolution
		HideSolutionNode = FALSE
	EndGlobalSection
	GlobalSection(ExtensibilityGlobals) = postSolution
		SolutionGuid = {2DC74E24-017C-4FFD-87A2-C48CA659ECB3}
	EndGlobalSection
EndGlobal
